Microsoft Visual Studio Solution File, Format Version 12.00
# Visual Studio 14
Project("{8BC9CEB8-8B4A-11D0-8D11-00A0C91BC942}") = "ALL_BUILD", "ALL_BUILD.vcxproj", "{618C3B37-BBD6-3ED1-9DBD-3AFF871B8D33}"
	ProjectSection(ProjectDependencies) = postProject
		{0419FC64-0CCC-37D8-8642-B4B2B6D997EB} = {0419FC64-0CCC-37D8-8642-B4B2B6D997EB}
		{CD3F68D0-40CB-3D2E-868D-E4F1B8B45922} = {CD3F68D0-40CB-3D2E-868D-E4F1B8B45922}
	EndProjectSection
EndProject
Project("{8BC9CEB8-8B4A-11D0-8D11-00A0C91BC942}") = "EllipseFitToSvg", "EllipseFitToSvg\EllipseFitToSvg.vcxproj", "{0419FC64-0CCC-37D8-8642-B4B2B6D997EB}"
	ProjectSection(ProjectDependencies) = postProject
		{CD3F68D0-40CB-3D2E-868D-E4F1B8B45922} = {CD3F68D0-40CB-3D2E-868D-E4F1B8B45922}
	EndProjectSection
EndProject
Project("{8BC9CEB8-8B4A-11D0-8D11-00A0C91BC942}") = "ZERO_CHECK", "ZERO_CHECK.vcxproj", "{CD3F68D0-40CB-3D2E-868D-E4F1B8B45922}"
	ProjectSection(ProjectDependencies) = postProject
	EndProjectSection
EndProject
Global
	GlobalSection(SolutionConfigurationPlatforms) = preSolution
		Debug|Win32 = Debug|Win32
		Release|Win32 = Release|Win32
		MinSizeRel|Win32 = MinSizeRel|Win32
		RelWithDebInfo|Win32 = RelWithDebInfo|Win32
	EndGlobalSection
	GlobalSection(ProjectConfigurationPlatforms) = postSolution
		{618C3B37-BBD6-3ED1-9DBD-3AFF871B8D33}.Debug|Win32.ActiveCfg = Debug|Win32
		{618C3B37-BBD6-3ED1-9DBD-3AFF871B8D33}.Release|Win32.ActiveCfg = Release|Win32
		{618C3B37-BBD6-3ED1-9DBD-3AFF871B8D33}.MinSizeRel|Win32.ActiveCfg = MinSizeRel|Win32
		{618C3B37-BBD6-3ED1-9DBD-3AFF871B8D33}.RelWithDebInfo|Win32.ActiveCfg = RelWithDebInfo|Win32
		{0419FC64-0CCC-37D8-8642-B4B2B6D997EB}.Debug|Win32.ActiveCfg = Debug|Win32
		{0419FC64-0CCC-37D8-8642-B4B2B6D997EB}.Debug|Win32.Build.0 = Debug|Win32
		{0419FC64-0CCC-37D8-8642-B4B2B6D997EB}.Release|Win32.ActiveCfg = Release|Win32
		{0419FC64-0CCC-37D8-8642-B4B2B6D997EB}.Release|Win32.Build.0 = Release|Win32
		{0419FC64-0CCC-37D8-8642-B4B2B6D997EB}.MinSizeRel|Win32.ActiveCfg = MinSizeRel|Win32
		{0419FC64-0CCC-37D8-8642-B4B2B6D997EB}.MinSizeRel|Win32.Build.0 = MinSizeRel|Win32
		{0419FC64-0CCC-37D8-8642-B4B2B6D997EB}.RelWithDebInfo|Win32.ActiveCfg = RelWithDebInfo|Win32
		{0419FC64-0CCC-37D8-8642-B4B2B6D997EB}.RelWithDebInfo|Win32.Build.0 = RelWithDebInfo|Win32
		{CD3F68D0-40CB-3D2E-868D-E4F1B8B45922}.Debug|Win32.ActiveCfg = Debug|Win32
		{CD3F68D0-40CB-3D2E-868D-E4F1B8B45922}.Debug|Win32.Build.0 = Debug|Win32
		{CD3F68D0-40CB-3D2E-868D-E4F1B8B45922}.Release|Win32.ActiveCfg = Release|Win32
		{CD3F68D0-40CB-3D2E-868D-E4F1B8B45922}.Release|Win32.Build.0 = Release|Win32
		{CD3F68D0-40CB-3D2E-868D-E4F1B8B45922}.MinSizeRel|Win32.ActiveCfg = MinSizeRel|Win32
		{CD3F68D0-40CB-3D2E-868D-E4F1B8B45922}.MinSizeRel|Win32.Build.0 = MinSizeRel|Win32
		{CD3F68D0-40CB-3D2E-868D-E4F1B8B45922}.RelWithDebInfo|Win32.ActiveCfg = RelWithDebInfo|Win32
		{CD3F68D0-40CB-3D2E-868D-E4F1B8B45922}.RelWithDebInfo|Win32.Build.0 = RelWithDebInfo|Win32
	EndGlobalSection
	GlobalSection(ExtensibilityGlobals) = postSolution
	EndGlobalSection
	GlobalSection(ExtensibilityAddIns) = postSolution
	EndGlobalSection
EndGlobal
