<?xml version="1.0" encoding="utf-8"?>
<Project ToolsVersion="14.0" xmlns="http://schemas.microsoft.com/developer/msbuild/2003">
  <ItemGroup>
    <ClCompile Include="D:\DEV\GitHub\EllipseUtils\EllipseFitToSvg\EllipseFitToSvg.cpp">
      <Filter>Source Files</Filter>
    </ClCompile>
    <ClCompile Include="D:\DEV\GitHub\EllipseUtils\EllipseFitToSvg\options.cpp">
      <Filter>Source Files</Filter>
    </ClCompile>
    <ClCompile Include="D:\DEV\GitHub\EllipseUtils\EllipseFitToSvg\ReadPoints.cpp">
      <Filter>Source Files</Filter>
    </ClCompile>
    <ClCompile Include="D:\DEV\GitHub\EllipseUtils\EllipseFitToSvg\stdafx.cpp">
      <Filter>Source Files</Filter>
    </ClCompile>
    <ClCompile Include="D:\DEV\GitHub\EllipseUtils\EllipseFitToSvg\WriteSvg.cpp">
      <Filter>Source Files</Filter>
    </ClCompile>
    <ClCompile Include="Utilities.cpp">
      <Filter>Source Files</Filter>
    </ClCompile>
  </ItemGroup>
  <ItemGroup>
    <ClInclude Include="D:\DEV\GitHub\EllipseUtils\EllipseFitToSvg\optionparser.h">
      <Filter>Header Files</Filter>
    </ClInclude>
    <ClInclude Include="D:\DEV\GitHub\EllipseUtils\EllipseFitToSvg\options.h">
      <Filter>Header Files</Filter>
    </ClInclude>
    <ClInclude Include="D:\DEV\GitHub\EllipseUtils\EllipseFitToSvg\ReadPoints.h">
      <Filter>Header Files</Filter>
    </ClInclude>
    <ClInclude Include="D:\DEV\GitHub\EllipseUtils\EllipseFitToSvg\stdafx.h">
      <Filter>Header Files</Filter>
    </ClInclude>
    <ClInclude Include="D:\DEV\GitHub\EllipseUtils\EllipseFitToSvg\targetver.h">
      <Filter>Header Files</Filter>
    </ClInclude>
    <ClInclude Include="D:\DEV\GitHub\EllipseUtils\EllipseFitToSvg\WriteSvg.h">
      <Filter>Header Files</Filter>
    </ClInclude>
    <ClInclude Include="Utilities.h">
      <Filter>Header Files</Filter>
    </ClInclude>
  </ItemGroup>
  <ItemGroup>
    <CustomBuild Include="D:\DEV\GitHub\EllipseUtils\EllipseFitToSvg\CMakeLists.txt" />
  </ItemGroup>
  <ItemGroup>
    <Filter Include="Source Files">
      <UniqueIdentifier>{770C052C-BCAF-3614-8BA2-D7D551FEDAA2}</UniqueIdentifier>
    </Filter>
    <Filter Include="Header Files">
      <UniqueIdentifier>{218B3E08-F29F-39FF-917B-A9B9F0DF755B}</UniqueIdentifier>
    </Filter>
  </ItemGroup>
</Project>